
Microsoft Visual Studio Solution File, Format Version 12.00
# Visual Studio Version 16
VisualStudioVersion = 16.0.31313.79
MinimumVisualStudioVersion = 10.0.40219.1
Project("{FAE04EC0-301F-11D3-BF4B-00C04F79EFBC}") = "MulServiceLibrary", "MulServiceLibrary\MulServiceLibrary.csproj", "{3C99FBDF-E79E-431D-82DE-DC35D9C0D551}"
EndProject
Project("{FAE04EC0-301F-11D3-BF4B-00C04F79EFBC}") = "ConsoleHost", "ConsoleHost\ConsoleHost.csproj", "{BEC4975B-381E-4C56-99C0-13E6C2D1ECEF}"
EndProject
Project("{FAE04EC0-301F-11D3-BF4B-00C04F79EFBC}") = "MyClientForBinding", "MyClientForBinding\MyClientForBinding.csproj", "{62154C6F-39F4-402E-A09A-C25FDE57F461}"
EndProject
Global
	GlobalSection(SolutionConfigurationPlatforms) = preSolution
		Debug|Any CPU = Debug|Any CPU
		Release|Any CPU = Release|Any CPU
	EndGlobalSection
	GlobalSection(ProjectConfigurationPlatforms) = postSolution
		{3C99FBDF-E79E-431D-82DE-DC35D9C0D551}.Debug|Any CPU.ActiveCfg = Debug|Any CPU
		{3C99FBDF-E79E-431D-82DE-DC35D9C0D551}.Debug|Any CPU.Build.0 = Debug|Any CPU
		{3C99FBDF-E79E-431D-82DE-DC35D9C0D551}.Release|Any CPU.ActiveCfg = Release|Any CPU
		{3C99FBDF-E79E-431D-82DE-DC35D9C0D551}.Release|Any CPU.Build.0 = Release|Any CPU
		{BEC4975B-381E-4C56-99C0-13E6C2D1ECEF}.Debug|Any CPU.ActiveCfg = Debug|Any CPU
		{BEC4975B-381E-4C56-99C0-13E6C2D1ECEF}.Debug|Any CPU.Build.0 = Debug|Any CPU
		{BEC4975B-381E-4C56-99C0-13E6C2D1ECEF}.Release|Any CPU.ActiveCfg = Release|Any CPU
		{BEC4975B-381E-4C56-99C0-13E6C2D1ECEF}.Release|Any CPU.Build.0 = Release|Any CPU
		{62154C6F-39F4-402E-A09A-C25FDE57F461}.Debug|Any CPU.ActiveCfg = Debug|Any CPU
		{62154C6F-39F4-402E-A09A-C25FDE57F461}.Debug|Any CPU.Build.0 = Debug|Any CPU
		{62154C6F-39F4-402E-A09A-C25FDE57F461}.Release|Any CPU.ActiveCfg = Release|Any CPU
		{62154C6F-39F4-402E-A09A-C25FDE57F461}.Release|Any CPU.Build.0 = Release|Any CPU
	EndGlobalSection
	GlobalSection(SolutionProperties) = preSolution
		HideSolutionNode = FALSE
	EndGlobalSection
	GlobalSection(ExtensibilityGlobals) = postSolution
		SolutionGuid = {CCE55D3D-8F4B-4E70-90C7-BA3C154388E2}
	EndGlobalSection
EndGlobal
