
Microsoft Visual Studio Solution File, Format Version 12.00
# Visual Studio Version 16
VisualStudioVersion = 16.0.31313.79
MinimumVisualStudioVersion = 10.0.40219.1
Project("{FAE04EC0-301F-11D3-BF4B-00C04F79EFBC}") = "MulServiceLibrary", "MulServiceLibrary\MulServiceLibrary.csproj", "{3C99FBDF-E79E-431D-82DE-DC35D9C0D551}"
EndProject
Project("{E24C65DC-7377-472B-9ABA-BC803B73C61A}") = "MulServiceHost", "MulServiceHost\", "{4AA52E55-F8F8-4C85-975D-C1A32A7F6BE7}"
	ProjectSection(WebsiteProperties) = preProject
		TargetFrameworkMoniker = ".NETFramework,Version%3Dv4.7.2"
		ProjectReferences = "{3c99fbdf-e79e-431d-82de-dc35d9c0d551}|MulServiceLibrary.dll;"
		Debug.AspNetCompiler.VirtualPath = "/localhost_63635"
		Debug.AspNetCompiler.PhysicalPath = "MulServiceHost\"
		Debug.AspNetCompiler.TargetPath = "PrecompiledWeb\localhost_63635\"
		Debug.AspNetCompiler.Updateable = "true"
		Debug.AspNetCompiler.ForceOverwrite = "true"
		Debug.AspNetCompiler.FixedNames = "false"
		Debug.AspNetCompiler.Debug = "True"
		Release.AspNetCompiler.VirtualPath = "/localhost_63635"
		Release.AspNetCompiler.PhysicalPath = "MulServiceHost\"
		Release.AspNetCompiler.TargetPath = "PrecompiledWeb\localhost_63635\"
		Release.AspNetCompiler.Updateable = "true"
		Release.AspNetCompiler.ForceOverwrite = "true"
		Release.AspNetCompiler.FixedNames = "false"
		Release.AspNetCompiler.Debug = "False"
		VWDPort = "63635"
		SlnRelativePath = "MulServiceHost\"
		DefaultWebSiteLanguage = "Visual C#"
	EndProjectSection
EndProject
Project("{FAE04EC0-301F-11D3-BF4B-00C04F79EFBC}") = "MulServiceClient", "MulServiceClient\MulServiceClient.csproj", "{A1AE1F9D-667C-43CE-9DEA-8CE06F9A9258}"
	ProjectSection(ProjectDependencies) = postProject
		{4AA52E55-F8F8-4C85-975D-C1A32A7F6BE7} = {4AA52E55-F8F8-4C85-975D-C1A32A7F6BE7}
	EndProjectSection
EndProject
Global
	GlobalSection(SolutionConfigurationPlatforms) = preSolution
		Debug|Any CPU = Debug|Any CPU
		Release|Any CPU = Release|Any CPU
	EndGlobalSection
	GlobalSection(ProjectConfigurationPlatforms) = postSolution
		{3C99FBDF-E79E-431D-82DE-DC35D9C0D551}.Debug|Any CPU.ActiveCfg = Debug|Any CPU
		{3C99FBDF-E79E-431D-82DE-DC35D9C0D551}.Debug|Any CPU.Build.0 = Debug|Any CPU
		{3C99FBDF-E79E-431D-82DE-DC35D9C0D551}.Release|Any CPU.ActiveCfg = Release|Any CPU
		{3C99FBDF-E79E-431D-82DE-DC35D9C0D551}.Release|Any CPU.Build.0 = Release|Any CPU
		{4AA52E55-F8F8-4C85-975D-C1A32A7F6BE7}.Debug|Any CPU.ActiveCfg = Debug|Any CPU
		{4AA52E55-F8F8-4C85-975D-C1A32A7F6BE7}.Debug|Any CPU.Build.0 = Debug|Any CPU
		{4AA52E55-F8F8-4C85-975D-C1A32A7F6BE7}.Release|Any CPU.ActiveCfg = Debug|Any CPU
		{4AA52E55-F8F8-4C85-975D-C1A32A7F6BE7}.Release|Any CPU.Build.0 = Debug|Any CPU
		{A1AE1F9D-667C-43CE-9DEA-8CE06F9A9258}.Debug|Any CPU.ActiveCfg = Debug|Any CPU
		{A1AE1F9D-667C-43CE-9DEA-8CE06F9A9258}.Debug|Any CPU.Build.0 = Debug|Any CPU
		{A1AE1F9D-667C-43CE-9DEA-8CE06F9A9258}.Release|Any CPU.ActiveCfg = Release|Any CPU
		{A1AE1F9D-667C-43CE-9DEA-8CE06F9A9258}.Release|Any CPU.Build.0 = Release|Any CPU
	EndGlobalSection
	GlobalSection(SolutionProperties) = preSolution
		HideSolutionNode = FALSE
	EndGlobalSection
	GlobalSection(ExtensibilityGlobals) = postSolution
		SolutionGuid = {CCE55D3D-8F4B-4E70-90C7-BA3C154388E2}
	EndGlobalSection
EndGlobal
